
Microsoft Visual Studio Solution File, Format Version 12.00
# Visual Studio Version 17
VisualStudioVersion = 17.10.35013.160
MinimumVisualStudioVersion = 10.0.40219.1
Project("{9A19103F-16F7-4668-BE54-9A1E7A4F7556}") = "Readit.WPF", "Readit.WPF\Readit.WPF.csproj", "{E49C9C00-1A79-429D-BC16-91E99A1383B4}"
EndProject
Project("{9A19103F-16F7-4668-BE54-9A1E7A4F7556}") = "Readit.Data", "Readit.Data\Readit.Data.csproj", "{F56C6140-0A93-420D-AA79-926096F815B3}"
EndProject
Project("{9A19103F-16F7-4668-BE54-9A1E7A4F7556}") = "Readit.Tests", "Readit.Tests\Readit.Tests.csproj", "{83EBCD09-07A1-4113-AF4B-4B5BE9015CFB}"
EndProject
Project("{FAE04EC0-301F-11D3-BF4B-00C04F79EFBC}") = "Readit.Infra", "Readit.Infra\Readit.Infra.csproj", "{D4C41206-BBD1-4335-9580-37F731A02FBD}"
EndProject
Project("{FAE04EC0-301F-11D3-BF4B-00C04F79EFBC}") = "Readit.Core", "Readit.Core\Readit.Core.csproj", "{A95FF0BA-C673-4406-8D0B-69A06C9E34BB}"
EndProject
Global
	GlobalSection(SolutionConfigurationPlatforms) = preSolution
		Debug|Any CPU = Debug|Any CPU
		Release|Any CPU = Release|Any CPU
	EndGlobalSection
	GlobalSection(ProjectConfigurationPlatforms) = postSolution
		{E49C9C00-1A79-429D-BC16-91E99A1383B4}.Debug|Any CPU.ActiveCfg = Debug|Any CPU
		{E49C9C00-1A79-429D-BC16-91E99A1383B4}.Debug|Any CPU.Build.0 = Debug|Any CPU
		{E49C9C00-1A79-429D-BC16-91E99A1383B4}.Release|Any CPU.ActiveCfg = Release|Any CPU
		{E49C9C00-1A79-429D-BC16-91E99A1383B4}.Release|Any CPU.Build.0 = Release|Any CPU
		{F56C6140-0A93-420D-AA79-926096F815B3}.Debug|Any CPU.ActiveCfg = Debug|Any CPU
		{F56C6140-0A93-420D-AA79-926096F815B3}.Debug|Any CPU.Build.0 = Debug|Any CPU
		{F56C6140-0A93-420D-AA79-926096F815B3}.Release|Any CPU.ActiveCfg = Release|Any CPU
		{F56C6140-0A93-420D-AA79-926096F815B3}.Release|Any CPU.Build.0 = Release|Any CPU
		{83EBCD09-07A1-4113-AF4B-4B5BE9015CFB}.Debug|Any CPU.ActiveCfg = Debug|Any CPU
		{83EBCD09-07A1-4113-AF4B-4B5BE9015CFB}.Debug|Any CPU.Build.0 = Debug|Any CPU
		{83EBCD09-07A1-4113-AF4B-4B5BE9015CFB}.Release|Any CPU.ActiveCfg = Release|Any CPU
		{83EBCD09-07A1-4113-AF4B-4B5BE9015CFB}.Release|Any CPU.Build.0 = Release|Any CPU
		{D4C41206-BBD1-4335-9580-37F731A02FBD}.Debug|Any CPU.ActiveCfg = Debug|Any CPU
		{D4C41206-BBD1-4335-9580-37F731A02FBD}.Debug|Any CPU.Build.0 = Debug|Any CPU
		{D4C41206-BBD1-4335-9580-37F731A02FBD}.Release|Any CPU.ActiveCfg = Release|Any CPU
		{D4C41206-BBD1-4335-9580-37F731A02FBD}.Release|Any CPU.Build.0 = Release|Any CPU
		{A95FF0BA-C673-4406-8D0B-69A06C9E34BB}.Debug|Any CPU.ActiveCfg = Debug|Any CPU
		{A95FF0BA-C673-4406-8D0B-69A06C9E34BB}.Debug|Any CPU.Build.0 = Debug|Any CPU
		{A95FF0BA-C673-4406-8D0B-69A06C9E34BB}.Release|Any CPU.ActiveCfg = Release|Any CPU
		{A95FF0BA-C673-4406-8D0B-69A06C9E34BB}.Release|Any CPU.Build.0 = Release|Any CPU
	EndGlobalSection
	GlobalSection(SolutionProperties) = preSolution
		HideSolutionNode = FALSE
	EndGlobalSection
	GlobalSection(ExtensibilityGlobals) = postSolution
		SolutionGuid = {C6A52863-B679-4399-B360-EBB1B75B2BF7}
	EndGlobalSection
EndGlobal
